// !$*UTF8*$!
{
	archiveVersion = 1;
	classes = {
	};
	objectVersion = 46;
	objects = {

/* Begin PBXBuildFile section */
		067BB5671D2D2505002926F1 /* AppDelegate.swift in Sources */ = {isa = PBXBuildFile; fileRef = 067BB5661D2D2505002926F1 /* AppDelegate.swift */; };
		067BB5691D2D2505002926F1 /* ViewController.swift in Sources */ = {isa = PBXBuildFile; fileRef = 067BB5681D2D2505002926F1 /* ViewController.swift */; };
		067BB56C1D2D2505002926F1 /* Main.storyboard in Resources */ = {isa = PBXBuildFile; fileRef = 067BB56A1D2D2505002926F1 /* Main.storyboard */; };
		067BB56E1D2D2505002926F1 /* Assets.xcassets in Resources */ = {isa = PBXBuildFile; fileRef = 067BB56D1D2D2505002926F1 /* Assets.xcassets */; };
		067BB5711D2D2505002926F1 /* LaunchScreen.storyboard in Resources */ = {isa = PBXBuildFile; fileRef = 067BB56F1D2D2505002926F1 /* LaunchScreen.storyboard */; };
		067BB5791D2D403E002926F1 /* Minecraft.ttf in Resources */ = {isa = PBXBuildFile; fileRef = 067BB5781D2D403E002926F1 /* Minecraft.ttf */; };
		06FCB8201D2E813800978ECA /* btn.wav in Resources */ = {isa = PBXBuildFile; fileRef = 06FCB81F1D2E813800978ECA /* btn.wav */; };
/* End PBXBuildFile section */

/* Begin PBXFileReference section */
		067BB5631D2D2505002926F1 /* retro-calculator.app */ = {isa = PBXFileReference; explicitFileType = wrapper.application; includeInIndex = 0; path = "retro-calculator.app"; sourceTree = BUILT_PRODUCTS_DIR; };
		067BB5661D2D2505002926F1 /* AppDelegate.swift */ = {isa = PBXFileReference; lastKnownFileType = sourcecode.swift; path = AppDelegate.swift; sourceTree = "<group>"; };
		067BB5681D2D2505002926F1 /* ViewController.swift */ = {isa = PBXFileReference; lastKnownFileType = sourcecode.swift; path = ViewController.swift; sourceTree = "<group>"; };
		067BB56B1D2D2505002926F1 /* Base */ = {isa = PBXFileReference; lastKnownFileType = file.storyboard; name = Base; path = Base.lproj/Main.storyboard; sourceTree = "<group>"; };
		067BB56D1D2D2505002926F1 /* Assets.xcassets */ = {isa = PBXFileReference; lastKnownFileType = folder.assetcatalog; path = Assets.xcassets; sourceTree = "<group>"; };
		067BB5701D2D2505002926F1 /* Base */ = {isa = PBXFileReference; lastKnownFileType = file.storyboard; name = Base; path = Base.lproj/LaunchScreen.storyboard; sourceTree = "<group>"; };
		067BB5721D2D2505002926F1 /* Info.plist */ = {isa = PBXFileReference; lastKnownFileType = text.plist.xml; path = Info.plist; sourceTree = "<group>"; };
		067BB5781D2D403E002926F1 /* Minecraft.ttf */ = {isa = PBXFileReference; lastKnownFileType = file; path = Minecraft.ttf; sourceTree = "<group>"; };
		06FCB81F1D2E813800978ECA /* btn.wav */ = {isa = PBXFileReference; lastKnownFileType = audio.wav; path = btn.wav; sourceTree = "<group>"; };
/* End PBXFileReference section */

/* Begin PBXFrameworksBuildPhase section */
		067BB5601D2D2505002926F1 /* Frameworks */ = {
			isa = PBXFrameworksBuildPhase;
			buildActionMask = 2147483647;
			files = (
			);
			runOnlyForDeploymentPostprocessing = 0;
		};
/* End PBXFrameworksBuildPhase section */

/* Begin PBXGroup section */
		067BB55A1D2D2505002926F1 = {
			isa = PBXGroup;
			children = (
				067BB5651D2D2505002926F1 /* retro-calculator */,
				067BB5641D2D2505002926F1 /* Products */,
			);
			sourceTree = "<group>";
		};
		067BB5641D2D2505002926F1 /* Products */ = {
			isa = PBXGroup;
			children = (
				067BB5631D2D2505002926F1 /* retro-calculator.app */,
			);
			name = Products;
			sourceTree = "<group>";
		};
		067BB5651D2D2505002926F1 /* retro-calculator */ = {
			isa = PBXGroup;
			children = (
				067BB5781D2D403E002926F1 /* Minecraft.ttf */,
				06FCB81F1D2E813800978ECA /* btn.wav */,
				067BB5661D2D2505002926F1 /* AppDelegate.swift */,
				067BB5681D2D2505002926F1 /* ViewController.swift */,
				067BB56A1D2D2505002926F1 /* Main.storyboard */,
				067BB56D1D2D2505002926F1 /* Assets.xcassets */,
				067BB56F1D2D2505002926F1 /* LaunchScreen.storyboard */,
				067BB5721D2D2505002926F1 /* Info.plist */,
			);
			path = "retro-calculator";
			sourceTree = "<group>";
		};
/* End PBXGroup section */

/* Begin PBXNativeTarget section */
		067BB5621D2D2505002926F1 /* retro-calculator */ = {
			isa = PBXNativeTarget;
			buildConfigurationList = 067BB5751D2D2505002926F1 /* Build configuration list for PBXNativeTarget "retro-calculator" */;
			buildPhases = (
				067BB55F1D2D2505002926F1 /* Sources */,
				067BB5601D2D2505002926F1 /* Frameworks */,
				067BB5611D2D2505002926F1 /* Resources */,
			);
			buildRules = (
			);
			dependencies = (
			);
			name = "retro-calculator";
			productName = "retro-calculator";
			productReference = 067BB5631D2D2505002926F1 /* retro-calculator.app */;
			productType = "com.apple.product-type.application";
		};
/* End PBXNativeTarget section */

/* Begin PBXProject section */
		067BB55B1D2D2505002926F1 /* Project object */ = {
			isa = PBXProject;
			attributes = {
				LastSwiftUpdateCheck = 0730;
				LastUpgradeCheck = 0730;
				ORGANIZATIONNAME = GabeCoder;
				TargetAttributes = {
					067BB5621D2D2505002926F1 = {
						CreatedOnToolsVersion = 7.3.1;
						DevelopmentTeam = 2X5H898WU5;
					};
				};
			};
			buildConfigurationList = 067BB55E1D2D2505002926F1 /* Build configuration list for PBXProject "retro-calculator" */;
			compatibilityVersion = "Xcode 3.2";
			developmentRegion = English;
			hasScannedForEncodings = 0;
			knownRegions = (
				en,
				Base,
			);
			mainGroup = 067BB55A1D2D2505002926F1;
			productRefGroup = 067BB5641D2D2505002926F1 /* Products */;
			projectDirPath = "";
			projectRoot = "";
			targets = (
				067BB5621D2D2505002926F1 /* retro-calculator */,
			);
		};
/* End PBXProject section */

/* Begin PBXResourcesBuildPhase section */
		067BB5611D2D2505002926F1 /* Resources */ = {
			isa = PBXResourcesBuildPhase;
			buildActionMask = 2147483647;
			files = (
				06FCB8201D2E813800978ECA /* btn.wav in Resources */,
				067BB5711D2D2505002926F1 /* LaunchScreen.storyboard in Resources */,
				067BB56E1D2D2505002926F1 /* Assets.xcassets in Resources */,
				067BB5791D2D403E002926F1 /* Minecraft.ttf in Resources */,
				067BB56C1D2D2505002926F1 /* Main.storyboard in Resources */,
			);
			runOnlyForDeploymentPostprocessing = 0;
		};
/* End PBXResourcesBuildPhase section */

/* Begin PBXSourcesBuildPhase section */
		067BB55F1D2D2505002926F1 /* Sources */ = {
			isa = PBXSourcesBuildPhase;
			buildActionMask = 2147483647;
			files = (
				067BB5691D2D2505002926F1 /* ViewController.swift in Sources */,
				067BB5671D2D2505002926F1 /* AppDelegate.swift in Sources */,
			);
			runOnlyForDeploymentPostprocessing = 0;
		};
/* End PBXSourcesBuildPhase section */

/* Begin PBXVariantGroup section */
		067BB56A1D2D2505002926F1 /* Main.storyboard */ = {
			isa = PBXVariantGroup;
			children = (
				067BB56B1D2D2505002926F1 /* Base */,
			);
			name = Main.storyboard;
			sourceTree = "<group>";
		};
		067BB56F1D2D2505002926F1 /* LaunchScreen.storyboard */ = {
			isa = PBXVariantGroup;
			children = (
				067BB5701D2D2505002926F1 /* Base */,
			);
			name = LaunchScreen.storyboard;
			sourceTree = "<group>";
		};
/* End PBXVariantGroup section */

/* Begin XCBuildConfiguration section */
		067BB5731D2D2505002926F1 /* Debug */ = {
			isa = XCBuildConfiguration;
			buildSettings = {
				ALWAYS_SEARCH_USER_PATHS = NO;
				CLANG_ANALYZER_NONNULL = YES;
				CLANG_CXX_LANGUAGE_STANDARD = "gnu++0x";
				CLANG_CXX_LIBRARY = "libc++";
				CLANG_ENABLE_MODULES = YES;
				CLANG_ENABLE_OBJC_ARC = YES;
				CLANG_WARN_BOOL_CONVERSION = YES;
				CLANG_WARN_CONSTANT_CONVERSION = YES;
				CLANG_WARN_DIRECT_OBJC_ISA_USAGE = YES_ERROR;
				CLANG_WARN_EMPTY_BODY = YES;
				CLANG_WARN_ENUM_CONVERSION = YES;
				CLANG_WARN_INT_CONVERSION = YES;
				CLANG_WARN_OBJC_ROOT_CLASS = YES_ERROR;
				CLANG_WARN_UNREACHABLE_CODE = YES;
				CLANG_WARN__DUPLICATE_METHOD_MATCH = YES;
				"CODE_SIGN_IDENTITY[sdk=iphoneos*]" = "iPhone Developer";
				COPY_PHASE_STRIP = NO;
				DEBUG_INFORMATION_FORMAT = dwarf;
				ENABLE_STRICT_OBJC_MSGSEND = YES;
				ENABLE_TESTABILITY = YES;
				GCC_C_LANGUAGE_STANDARD = gnu99;
				GCC_DYNAMIC_NO_PIC = NO;
				GCC_NO_COMMON_BLOCKS = YES;
				GCC_OPTIMIZATION_LEVEL = 0;
				GCC_PREPROCESSOR_DEFINITIONS = (
					"DEBUG=1",
					"$(inherited)",
				);
				GCC_WARN_64_TO_32_BIT_CONVERSION = YES;
				GCC_WARN_ABOUT_RETURN_TYPE = YES_ERROR;
				GCC_WARN_UNDECLARED_SELECTOR = YES;
				GCC_WARN_UNINITIALIZED_AUTOS = YES_AGGRESSIVE;
				GCC_WARN_UNUSED_FUNCTION = YES;
				GCC_WARN_UNUSED_VARIABLE = YES;
				IPHONEOS_DEPLOYMENT_TARGET = 9.3;
				MTL_ENABLE_DEBUG_INFO = YES;
				ONLY_ACTIVE_ARCH = YES;
				SDKROOT = iphoneos;
				SWIFT_OPTIMIZATION_LEVEL = "-Onone";
			};
			name = Debug;
		};
		067BB5741D2D2505002926F1 /* Release */ = {
			isa = XCBuildConfiguration;
			buildSettings = {
				ALWAYS_SEARCH_USER_PATHS = NO;
				CLANG_ANALYZER_NONNULL = YES;
				CLANG_CXX_LANGUAGE_STANDARD = "gnu++0x";
				CLANG_CXX_LIBRARY = "libc++";
				CLANG_ENABLE_MODULES = YES;
				CLANG_ENABLE_OBJC_ARC = YES;
				CLANG_WARN_BOOL_CONVERSION = YES;
				CLANG_WARN_CONSTANT_CONVERSION = YES;
				CLANG_WARN_DIRECT_OBJC_ISA_USAGE = YES_ERROR;
				CLANG_WARN_EMPTY_BODY = YES;
				CLANG_WARN_ENUM_CONVERSION = YES;
				CLANG_WARN_INT_CONVERSION = YES;
				CLANG_WARN_OBJC_ROOT_CLASS = YES_ERROR;
				CLANG_WARN_UNREACHABLE_CODE = YES;
				CLANG_WARN__DUPLICATE_METHOD_MATCH = YES;
				"CODE_SIGN_IDENTITY[sdk=iphoneos*]" = "iPhone Developer";
				COPY_PHASE_STRIP = NO;
				DEBUG_INFORMATION_FORMAT = "dwarf-with-dsym";
				ENABLE_NS_ASSERTIONS = NO;
				ENABLE_STRICT_OBJC_MSGSEND = YES;
				GCC_C_LANGUAGE_STANDARD = gnu99;
				GCC_NO_COMMON_BLOCKS = YES;
				GCC_WARN_64_TO_32_BIT_CONVERSION = YES;
				GCC_WARN_ABOUT_RETURN_TYPE = YES_ERROR;
				GCC_WARN_UNDECLARED_SELECTOR = YES;
				GCC_WARN_UNINITIALIZED_AUTOS = YES_AGGRESSIVE;
				GCC_WARN_UNUSED_FUNCTION = YES;
				GCC_WARN_UNUSED_VARIABLE = YES;
				IPHONEOS_DEPLOYMENT_TARGET = 9.3;
				MTL_ENABLE_DEBUG_INFO = NO;
				SDKROOT = iphoneos;
				VALIDATE_PRODUCT = YES;
			};
			name = Release;
		};
		067BB5761D2D2505002926F1 /* Debug */ = {
			isa = XCBuildConfiguration;
			buildSettings = {
				ASSETCATALOG_COMPILER_APPICON_NAME = AppIcon;
				INFOPLIST_FILE = "retro-calculator/Info.plist";
				LD_RUNPATH_SEARCH_PATHS = "$(inherited) @executable_path/Frameworks";
				PRODUCT_BUNDLE_IDENTIFIER = "com.gabecoder.retro-calculator";
				PRODUCT_NAME = "$(TARGET_NAME)";
			};
			name = Debug;
		};
		067BB5771D2D2505002926F1 /* Release */ = {
			isa = XCBuildConfiguration;
			buildSettings = {
				ASSETCATALOG_COMPILER_APPICON_NAME = AppIcon;
				INFOPLIST_FILE = "retro-calculator/Info.plist";
				LD_RUNPATH_SEARCH_PATHS = "$(inherited) @executable_path/Frameworks";
				PRODUCT_BUNDLE_IDENTIFIER = "com.gabecoder.retro-calculator";
				PRODUCT_NAME = "$(TARGET_NAME)";
			};
			name = Release;
		};
/* End XCBuildConfiguration section */

/* Begin XCConfigurationList section */
		067BB55E1D2D2505002926F1 /* Build configuration list for PBXProject "retro-calculator" */ = {
			isa = XCConfigurationList;
			buildConfigurations = (
				067BB5731D2D2505002926F1 /* Debug */,
				067BB5741D2D2505002926F1 /* Release */,
			);
			defaultConfigurationIsVisible = 0;
			defaultConfigurationName = Release;
		};
		067BB5751D2D2505002926F1 /* Build configuration list for PBXNativeTarget "retro-calculator" */ = {
			isa = XCConfigurationList;
			buildConfigurations = (
				067BB5761D2D2505002926F1 /* Debug */,
				067BB5771D2D2505002926F1 /* Release */,
			);
			defaultConfigurationIsVisible = 0;
			defaultConfigurationName = Release;
		};
/* End XCConfigurationList section */
	};
	rootObject = 067BB55B1D2D2505002926F1 /* Project object */;
}
